{
  "name": "@mailkite/cli",
  "version": "0.6.0",
  "lockfileVersion": 3,
  "requires": true,
  "packages": {
    "": {
      "name": "@mailkite/cli",
      "version": "0.6.0",
      "license": "MIT",
      "dependencies": {
        "mailkite": "file:../node"
      },
      "bin": {
        "mailkite": "cli.mjs"
      },
      "engines": {
        "node": ">=18"
      }
    },
    "../node": {
      "name": "mailkite",
      "version": "0.1.0",
      "license": "MIT",
      "engines": {
        "node": ">=18"
      }
    },
    "node_modules/mailkite": {
      "resolved": "../node",
      "link": true
    }
  }
}
